
Microsoft Visual Studio Solution File, Format Version 12.00
# Visual Studio Version 17
VisualStudioVersion = 17.6.33723.286
MinimumVisualStudioVersion = 10.0.40219.1
Project("{2150E333-8FDC-42A3-9474-1A3956D46DE8}") = "FrontEnd", "FrontEnd", "{C6E48929-D19C-45C0-9BCF-F468C2CD6984}"
EndProject
Project("{2150E333-8FDC-42A3-9474-1A3956D46DE8}") = "Gateway", "Gateway", "{669413FA-537E-4AA9-AF3C-DFAD840022F3}"
EndProject
Project("{2150E333-8FDC-42A3-9474-1A3956D46DE8}") = "Integration", "Integration", "{E08F148A-4E4A-44F1-B12A-138D9801D4D0}"
EndProject
Project("{2150E333-8FDC-42A3-9474-1A3956D46DE8}") = "Services", "Services", "{305D875A-B14B-4DE7-B451-AE927A42A5A1}"
EndProject
Project("{9A19103F-16F7-4668-BE54-9A1E7A4F7556}") = "Restaurant.Services.CouponAPI", "Restaurant.Services.CouponAPI\Restaurant.Services.CouponAPI.csproj", "{CE91C3BE-B3D5-4231-B36C-2DBC1A34314A}"
EndProject
Project("{FAE04EC0-301F-11D3-BF4B-00C04F79EFBC}") = "Restaurant.Web", "Restaurant.Web\Restaurant.Web.csproj", "{547B1C12-AECC-4761-B4E7-4F180721C5FF}"
EndProject
Global
	GlobalSection(SolutionConfigurationPlatforms) = preSolution
		Debug|Any CPU = Debug|Any CPU
		Release|Any CPU = Release|Any CPU
	EndGlobalSection
	GlobalSection(ProjectConfigurationPlatforms) = postSolution
		{CE91C3BE-B3D5-4231-B36C-2DBC1A34314A}.Debug|Any CPU.ActiveCfg = Debug|Any CPU
		{CE91C3BE-B3D5-4231-B36C-2DBC1A34314A}.Debug|Any CPU.Build.0 = Debug|Any CPU
		{CE91C3BE-B3D5-4231-B36C-2DBC1A34314A}.Release|Any CPU.ActiveCfg = Release|Any CPU
		{CE91C3BE-B3D5-4231-B36C-2DBC1A34314A}.Release|Any CPU.Build.0 = Release|Any CPU
		{547B1C12-AECC-4761-B4E7-4F180721C5FF}.Debug|Any CPU.ActiveCfg = Debug|Any CPU
		{547B1C12-AECC-4761-B4E7-4F180721C5FF}.Debug|Any CPU.Build.0 = Debug|Any CPU
		{547B1C12-AECC-4761-B4E7-4F180721C5FF}.Release|Any CPU.ActiveCfg = Release|Any CPU
		{547B1C12-AECC-4761-B4E7-4F180721C5FF}.Release|Any CPU.Build.0 = Release|Any CPU
	EndGlobalSection
	GlobalSection(SolutionProperties) = preSolution
		HideSolutionNode = FALSE
	EndGlobalSection
	GlobalSection(NestedProjects) = preSolution
		{CE91C3BE-B3D5-4231-B36C-2DBC1A34314A} = {305D875A-B14B-4DE7-B451-AE927A42A5A1}
		{547B1C12-AECC-4761-B4E7-4F180721C5FF} = {C6E48929-D19C-45C0-9BCF-F468C2CD6984}
	EndGlobalSection
	GlobalSection(ExtensibilityGlobals) = postSolution
		SolutionGuid = {8809481D-B747-47CC-915C-9E1BE97E69C6}
	EndGlobalSection
EndGlobal
